
Microsoft Visual Studio Solution File, Format Version 12.00
# Visual Studio Version 16
VisualStudioVersion = 16.0.31424.327
MinimumVisualStudioVersion = 10.0.40219.1
Project("{FAE04EC0-301F-11D3-BF4B-00C04F79EFBC}") = "FinalProject.Android", "FinalProject\FinalProject.Android\FinalProject.Android.csproj", "{4CAA2A9F-3FAD-4E9A-BA6F-03638C4C2FED}"
EndProject
Project("{FAE04EC0-301F-11D3-BF4B-00C04F79EFBC}") = "FinalProject.iOS", "FinalProject\FinalProject.iOS\FinalProject.iOS.csproj", "{F37D0479-DE2B-40A9-BF71-47B1DFDDD01B}"
EndProject
Project("{FAE04EC0-301F-11D3-BF4B-00C04F79EFBC}") = "FinalProject", "FinalProject\FinalProject\FinalProject.csproj", "{B3895553-F8BE-4CF3-8748-2ED8A51D2344}"
EndProject
Global
	GlobalSection(SolutionConfigurationPlatforms) = preSolution
		Debug|Any CPU = Debug|Any CPU
		Debug|iPhone = Debug|iPhone
		Debug|iPhoneSimulator = Debug|iPhoneSimulator
		Release|Any CPU = Release|Any CPU
		Release|iPhone = Release|iPhone
		Release|iPhoneSimulator = Release|iPhoneSimulator
	EndGlobalSection
	GlobalSection(ProjectConfigurationPlatforms) = postSolution
		{4CAA2A9F-3FAD-4E9A-BA6F-03638C4C2FED}.Debug|Any CPU.ActiveCfg = Debug|Any CPU
		{4CAA2A9F-3FAD-4E9A-BA6F-03638C4C2FED}.Debug|Any CPU.Build.0 = Debug|Any CPU
		{4CAA2A9F-3FAD-4E9A-BA6F-03638C4C2FED}.Debug|Any CPU.Deploy.0 = Debug|Any CPU
		{4CAA2A9F-3FAD-4E9A-BA6F-03638C4C2FED}.Debug|iPhone.ActiveCfg = Debug|Any CPU
		{4CAA2A9F-3FAD-4E9A-BA6F-03638C4C2FED}.Debug|iPhone.Build.0 = Debug|Any CPU
		{4CAA2A9F-3FAD-4E9A-BA6F-03638C4C2FED}.Debug|iPhone.Deploy.0 = Debug|Any CPU
		{4CAA2A9F-3FAD-4E9A-BA6F-03638C4C2FED}.Debug|iPhoneSimulator.ActiveCfg = Debug|Any CPU
		{4CAA2A9F-3FAD-4E9A-BA6F-03638C4C2FED}.Debug|iPhoneSimulator.Build.0 = Debug|Any CPU
		{4CAA2A9F-3FAD-4E9A-BA6F-03638C4C2FED}.Debug|iPhoneSimulator.Deploy.0 = Debug|Any CPU
		{4CAA2A9F-3FAD-4E9A-BA6F-03638C4C2FED}.Release|Any CPU.ActiveCfg = Release|Any CPU
		{4CAA2A9F-3FAD-4E9A-BA6F-03638C4C2FED}.Release|Any CPU.Build.0 = Release|Any CPU
		{4CAA2A9F-3FAD-4E9A-BA6F-03638C4C2FED}.Release|Any CPU.Deploy.0 = Release|Any CPU
		{4CAA2A9F-3FAD-4E9A-BA6F-03638C4C2FED}.Release|iPhone.ActiveCfg = Release|Any CPU
		{4CAA2A9F-3FAD-4E9A-BA6F-03638C4C2FED}.Release|iPhone.Build.0 = Release|Any CPU
		{4CAA2A9F-3FAD-4E9A-BA6F-03638C4C2FED}.Release|iPhone.Deploy.0 = Release|Any CPU
		{4CAA2A9F-3FAD-4E9A-BA6F-03638C4C2FED}.Release|iPhoneSimulator.ActiveCfg = Release|Any CPU
		{4CAA2A9F-3FAD-4E9A-BA6F-03638C4C2FED}.Release|iPhoneSimulator.Build.0 = Release|Any CPU
		{4CAA2A9F-3FAD-4E9A-BA6F-03638C4C2FED}.Release|iPhoneSimulator.Deploy.0 = Release|Any CPU
		{F37D0479-DE2B-40A9-BF71-47B1DFDDD01B}.Debug|Any CPU.ActiveCfg = Debug|iPhone
		{F37D0479-DE2B-40A9-BF71-47B1DFDDD01B}.Debug|Any CPU.Build.0 = Debug|iPhone
		{F37D0479-DE2B-40A9-BF71-47B1DFDDD01B}.Debug|Any CPU.Deploy.0 = Debug|iPhone
		{F37D0479-DE2B-40A9-BF71-47B1DFDDD01B}.Debug|iPhone.ActiveCfg = Debug|iPhone
		{F37D0479-DE2B-40A9-BF71-47B1DFDDD01B}.Debug|iPhone.Build.0 = Debug|iPhone
		{F37D0479-DE2B-40A9-BF71-47B1DFDDD01B}.Debug|iPhone.Deploy.0 = Debug|iPhone
		{F37D0479-DE2B-40A9-BF71-47B1DFDDD01B}.Debug|iPhoneSimulator.ActiveCfg = Debug|iPhoneSimulator
		{F37D0479-DE2B-40A9-BF71-47B1DFDDD01B}.Debug|iPhoneSimulator.Build.0 = Debug|iPhoneSimulator
		{F37D0479-DE2B-40A9-BF71-47B1DFDDD01B}.Debug|iPhoneSimulator.Deploy.0 = Debug|iPhoneSimulator
		{F37D0479-DE2B-40A9-BF71-47B1DFDDD01B}.Release|Any CPU.ActiveCfg = Release|iPhoneSimulator
		{F37D0479-DE2B-40A9-BF71-47B1DFDDD01B}.Release|Any CPU.Build.0 = Release|iPhoneSimulator
		{F37D0479-DE2B-40A9-BF71-47B1DFDDD01B}.Release|Any CPU.Deploy.0 = Release|iPhoneSimulator
		{F37D0479-DE2B-40A9-BF71-47B1DFDDD01B}.Release|iPhone.ActiveCfg = Release|iPhone
		{F37D0479-DE2B-40A9-BF71-47B1DFDDD01B}.Release|iPhone.Build.0 = Release|iPhone
		{F37D0479-DE2B-40A9-BF71-47B1DFDDD01B}.Release|iPhone.Deploy.0 = Release|iPhone
		{F37D0479-DE2B-40A9-BF71-47B1DFDDD01B}.Release|iPhoneSimulator.ActiveCfg = Release|iPhoneSimulator
		{F37D0479-DE2B-40A9-BF71-47B1DFDDD01B}.Release|iPhoneSimulator.Build.0 = Release|iPhoneSimulator
		{F37D0479-DE2B-40A9-BF71-47B1DFDDD01B}.Release|iPhoneSimulator.Deploy.0 = Release|iPhoneSimulator
		{B3895553-F8BE-4CF3-8748-2ED8A51D2344}.Debug|Any CPU.ActiveCfg = Debug|Any CPU
		{B3895553-F8BE-4CF3-8748-2ED8A51D2344}.Debug|Any CPU.Build.0 = Debug|Any CPU
		{B3895553-F8BE-4CF3-8748-2ED8A51D2344}.Debug|Any CPU.Deploy.0 = Debug|Any CPU
		{B3895553-F8BE-4CF3-8748-2ED8A51D2344}.Debug|iPhone.ActiveCfg = Debug|Any CPU
		{B3895553-F8BE-4CF3-8748-2ED8A51D2344}.Debug|iPhone.Build.0 = Debug|Any CPU
		{B3895553-F8BE-4CF3-8748-2ED8A51D2344}.Debug|iPhone.Deploy.0 = Debug|Any CPU
		{B3895553-F8BE-4CF3-8748-2ED8A51D2344}.Debug|iPhoneSimulator.ActiveCfg = Debug|Any CPU
		{B3895553-F8BE-4CF3-8748-2ED8A51D2344}.Debug|iPhoneSimulator.Build.0 = Debug|Any CPU
		{B3895553-F8BE-4CF3-8748-2ED8A51D2344}.Debug|iPhoneSimulator.Deploy.0 = Debug|Any CPU
		{B3895553-F8BE-4CF3-8748-2ED8A51D2344}.Release|Any CPU.ActiveCfg = Release|Any CPU
		{B3895553-F8BE-4CF3-8748-2ED8A51D2344}.Release|Any CPU.Build.0 = Release|Any CPU
		{B3895553-F8BE-4CF3-8748-2ED8A51D2344}.Release|Any CPU.Deploy.0 = Release|Any CPU
		{B3895553-F8BE-4CF3-8748-2ED8A51D2344}.Release|iPhone.ActiveCfg = Release|Any CPU
		{B3895553-F8BE-4CF3-8748-2ED8A51D2344}.Release|iPhone.Build.0 = Release|Any CPU
		{B3895553-F8BE-4CF3-8748-2ED8A51D2344}.Release|iPhone.Deploy.0 = Release|Any CPU
		{B3895553-F8BE-4CF3-8748-2ED8A51D2344}.Release|iPhoneSimulator.ActiveCfg = Release|Any CPU
		{B3895553-F8BE-4CF3-8748-2ED8A51D2344}.Release|iPhoneSimulator.Build.0 = Release|Any CPU
		{B3895553-F8BE-4CF3-8748-2ED8A51D2344}.Release|iPhoneSimulator.Deploy.0 = Release|Any CPU
	EndGlobalSection
	GlobalSection(SolutionProperties) = preSolution
		HideSolutionNode = FALSE
	EndGlobalSection
	GlobalSection(ExtensibilityGlobals) = postSolution
		SolutionGuid = {E7F2DCF6-260E-4D3F-A47C-0E1A0ADD961D}
	EndGlobalSection
EndGlobal
